
Microsoft Visual Studio Solution File, Format Version 12.00
# Visual Studio Version 17
VisualStudioVersion = 17.14.36414.22 d17.14
MinimumVisualStudioVersion = 10.0.40219.1
Project("{FAE04EC0-301F-11D3-BF4B-00C04F79EFBC}") = "axionpro.api", "axionpro.api.csproj", "{FE15854D-CB98-E2BC-367D-9FEB6171EFEC}"
EndProject
Global
	GlobalSection(SolutionConfigurationPlatforms) = preSolution
		Debug|Any CPU = Debug|Any CPU
		Release|Any CPU = Release|Any CPU
	EndGlobalSection
	GlobalSection(ProjectConfigurationPlatforms) = postSolution
		{FE15854D-CB98-E2BC-367D-9FEB6171EFEC}.Debug|Any CPU.ActiveCfg = Debug|Any CPU
		{FE15854D-CB98-E2BC-367D-9FEB6171EFEC}.Debug|Any CPU.Build.0 = Debug|Any CPU
		{FE15854D-CB98-E2BC-367D-9FEB6171EFEC}.Release|Any CPU.ActiveCfg = Release|Any CPU
		{FE15854D-CB98-E2BC-367D-9FEB6171EFEC}.Release|Any CPU.Build.0 = Release|Any CPU
	EndGlobalSection
	GlobalSection(SolutionProperties) = preSolution
		HideSolutionNode = FALSE
	EndGlobalSection
	GlobalSection(ExtensibilityGlobals) = postSolution
		SolutionGuid = {F8C8E50F-E8AC-4177-A104-7B5C04C11448}
	EndGlobalSection
EndGlobal
